
Microsoft Visual Studio Solution File, Format Version 12.00
# Visual Studio 15
Project("{FAE04EC0-301F-11D3-BF4B-00C04F79EFBC}") = "Assembly-CSharp-Editor", "Assembly-CSharp-Editor.csproj", "{A78A45C4-EDE6-1C61-8802-89E95B62F752}"
EndProject
Project("{FAE04EC0-301F-11D3-BF4B-00C04F79EFBC}") = "Assembly-CSharp", "Assembly-CSharp.csproj", "{85E6BD44-2B22-CCE8-FBFE-66940B92675C}"
EndProject
Global
	GlobalSection(SolutionConfigurationPlatforms) = preSolution
		Debug|Any CPU = Debug|Any CPU
		Release|Any CPU = Release|Any CPU
	EndGlobalSection
	GlobalSection(ProjectConfigurationPlatforms) = postSolution
		{A78A45C4-EDE6-1C61-8802-89E95B62F752}.Debug|Any CPU.ActiveCfg = Debug|Any CPU
		{A78A45C4-EDE6-1C61-8802-89E95B62F752}.Debug|Any CPU.Build.0 = Debug|Any CPU
		{A78A45C4-EDE6-1C61-8802-89E95B62F752}.Release|Any CPU.ActiveCfg = Release|Any CPU
		{A78A45C4-EDE6-1C61-8802-89E95B62F752}.Release|Any CPU.Build.0 = Release|Any CPU
		{85E6BD44-2B22-CCE8-FBFE-66940B92675C}.Debug|Any CPU.ActiveCfg = Debug|Any CPU
		{85E6BD44-2B22-CCE8-FBFE-66940B92675C}.Debug|Any CPU.Build.0 = Debug|Any CPU
		{85E6BD44-2B22-CCE8-FBFE-66940B92675C}.Release|Any CPU.ActiveCfg = Release|Any CPU
		{85E6BD44-2B22-CCE8-FBFE-66940B92675C}.Release|Any CPU.Build.0 = Release|Any CPU
	EndGlobalSection
	GlobalSection(SolutionProperties) = preSolution
		HideSolutionNode = FALSE
	EndGlobalSection
EndGlobal
